{
  "object": {
    "pins": [
      {
        "package": "Eureka",
        "repositoryURL": "https://github.com/xmartlabs/Eureka",
        "state": {
          "branch": null,
          "revision": "9fe153d2be663621d4f53196bf1b7effb83d7017",
          "version": "5.3.0"
        }
      }
    ]
  },
  "version": 1
}
